<?xml version="1.0" encoding="utf-8"?>
<Project ToolsVersion="4.0" xmlns="http://schemas.microsoft.com/developer/msbuild/2003">
  <ItemGroup>
    <Filter Include="source">
      <UniqueIdentifier>{4FC737F1-C7A5-4376-A066-2A32D752A2FF}</UniqueIdentifier>
      <Extensions>cpp;c;cc;cxx;c++;cppm;ixx;def;odl;idl;hpj;bat;asm;asmx</Extensions>
    </Filter>
    <Filter Include="include">
      <UniqueIdentifier>{93995380-89BD-4b04-88EB-625FBE52EBFB}</UniqueIdentifier>
      <Extensions>h;hh;hpp;hxx;h++;hm;inl;inc;ipp;xsd</Extensions>
    </Filter>
    <Filter Include="include\Logme">
      <UniqueIdentifier>{c9f1a19f-b216-4ac3-a2fd-b8bead52a394}</UniqueIdentifier>
    </Filter>
    <Filter Include="include\Logme\File">
      <UniqueIdentifier>{900de5d9-e318-47fa-99a8-a2e33941c37d}</UniqueIdentifier>
    </Filter>
    <Filter Include="include\Logme\Backend">
      <UniqueIdentifier>{24353258-4799-4c01-843e-ee258410fc2e}</UniqueIdentifier>
    </Filter>
    <Filter Include="include\Logme\Time">
      <UniqueIdentifier>{f86d2cd9-707a-4a2b-9268-f7983b163008}</UniqueIdentifier>
    </Filter>
    <Filter Include="source\Backend">
      <UniqueIdentifier>{07ba5e7b-1153-4890-ba53-d7a841d52a51}</UniqueIdentifier>
    </Filter>
    <Filter Include="source\File">
      <UniqueIdentifier>{f4b7c652-427a-4047-b8b4-9b1ff05bc6ed}</UniqueIdentifier>
    </Filter>
    <Filter Include="source\Time">
      <UniqueIdentifier>{7607289a-8101-41d8-907a-72721cbcc038}</UniqueIdentifier>
    </Filter>
    <Filter Include="include\Logme\Json">
      <UniqueIdentifier>{467d3898-83ef-4929-a943-91f997276057}</UniqueIdentifier>
    </Filter>
    <Filter Include="source\Config">
      <UniqueIdentifier>{039bf344-b554-441a-b625-523ba27ddbf9}</UniqueIdentifier>
    </Filter>
    <Filter Include="source\Control">
      <UniqueIdentifier>{b260eae8-cc00-42a1-ba20-aa94d03b5447}</UniqueIdentifier>
    </Filter>
    <Filter Include="source\Control\Command">
      <UniqueIdentifier>{8d0718b4-6906-4bec-8aae-3095fc24f5fd}</UniqueIdentifier>
    </Filter>
    <Filter Include="source\Ssl">
      <UniqueIdentifier>{aab4d14b-809c-40b9-81e2-e9590e66b816}</UniqueIdentifier>
    </Filter>
    <Filter Include="source\Json">
      <UniqueIdentifier>{ebe182d3-18ee-4e03-b531-d25068445ace}</UniqueIdentifier>
    </Filter>
      <Filter Include="source\Buffer">
      <UniqueIdentifier>{b8a8a1e9-d30e-5402-8f1c-e1865d503433}</UniqueIdentifier>
    </Filter>
    <Filter Include="include\Logme\Buffer">
      <UniqueIdentifier>{18566b96-49d5-5bae-b5da-7de26c181b70}</UniqueIdentifier>
    </Filter>
</ItemGroup>
  <ItemGroup>
    <ClInclude Include="include\Logme\Backend\Backend.h">
      <Filter>include\Logme\Backend</Filter>
    </ClInclude>
    <ClInclude Include="include\Logme\Backend\ConsoleBackend.h">
      <Filter>include\Logme\Backend</Filter>
    </ClInclude>
    <ClInclude Include="include\Logme\Backend\DebugBackend.h">
      <Filter>include\Logme\Backend</Filter>
    </ClInclude>
    <ClInclude Include="include\Logme\Backend\FileBackend.h">
      <Filter>include\Logme\Backend</Filter>
    </ClInclude>
    <ClInclude Include="include\Logme\File\exe_path.h">
      <Filter>include\Logme\File</Filter>
    </ClInclude>
    <ClInclude Include="include\Logme\File\file_io.h">
      <Filter>include\Logme\File</Filter>
    </ClInclude>
    <ClInclude Include="include\Logme\Time\datetime.h">
      <Filter>include\Logme\Time</Filter>
    </ClInclude>
    <ClInclude Include="include\Logme\Time\reentrant.h">
      <Filter>include\Logme\Time</Filter>
    </ClInclude>
    <ClInclude Include="include\Logme\Time\types.h">
      <Filter>include\Logme\Time</Filter>
    </ClInclude>
    <ClInclude Include="include\Logme\AnsiColorEscape.h">
      <Filter>include\Logme</Filter>
    </ClInclude>
    <ClInclude Include="include\Logme\ArgumentList.h">
      <Filter>include\Logme</Filter>
    </ClInclude>
    <ClInclude Include="include\Logme\Channel.h">
      <Filter>include\Logme</Filter>
    </ClInclude>
    <ClInclude Include="include\Logme\Colorizer.h">
      <Filter>include\Logme</Filter>
    </ClInclude>
    <ClInclude Include="include\Logme\Context.h">
      <Filter>include\Logme</Filter>
    </ClInclude>
    <ClInclude Include="include\Logme\Convert.h">
      <Filter>include\Logme</Filter>
    </ClInclude>
    <ClInclude Include="include\Logme\ID.h">
      <Filter>include\Logme</Filter>
    </ClInclude>
    <ClInclude Include="include\Logme\Logger.h">
      <Filter>include\Logme</Filter>
    </ClInclude>
    <ClInclude Include="include\Logme\Logme.h">
      <Filter>include\Logme</Filter>
    </ClInclude>
    <ClInclude Include="include\Logme\Module.h">
      <Filter>include\Logme</Filter>
    </ClInclude>
    <ClInclude Include="include\Logme\OutputFlags.h">
      <Filter>include\Logme</Filter>
    </ClInclude>
    <ClInclude Include="include\Logme\Printer.h">
      <Filter>include\Logme</Filter>
    </ClInclude>
    <ClInclude Include="include\Logme\Procedure.h">
      <Filter>include\Logme</Filter>
    </ClInclude>
    <ClInclude Include="include\Logme\Stream.h">
      <Filter>include\Logme</Filter>
    </ClInclude>
    <ClInclude Include="include\Logme\Template.h">
      <Filter>include\Logme</Filter>
    </ClInclude>
    <ClInclude Include="include\Logme\Types.h">
      <Filter>include\Logme</Filter>
    </ClInclude>
    <ClInclude Include="include\Logme\Utils.h">
      <Filter>include\Logme</Filter>
    </ClInclude>
    <ClInclude Include="source\Time\utils.h">
      <Filter>source\Time</Filter>
    </ClInclude>
    <ClInclude Include="include\Logme\Json\RSJparser.hpp">
      <Filter>include\Logme\Json</Filter>
    </ClInclude>
    <ClInclude Include="source\Config\Helper.h">
      <Filter>source\Config</Filter>
    </ClInclude>
    <ClInclude Include="source\Control\CommandDescriptor.h">
      <Filter>source\Control</Filter>
    </ClInclude>
    <ClInclude Include="source\Control\CommandRegistrar.h">
      <Filter>source\Control</Filter>
    </ClInclude>
    <ClInclude Include="source\StringHelpers.h">
      <Filter>source</Filter>
    </ClInclude>
    <ClInclude Include="source\Control\Json.h">
      <Filter>source\Control</Filter>
    </ClInclude>
    <ClInclude Include="source\File\CleanOldest.h">
      <Filter>source\File</Filter>
    </ClInclude>
      <ClInclude Include="include\Logme\AllStatI.h">
      <Filter>include\Logme</Filter>
    </ClInclude>
    <ClInclude Include="include\Logme\Backend\BufferBackend.h">
      <Filter>include\Logme\Backend</Filter>
    </ClInclude>
    <ClInclude Include="include\Logme\Backend\RingBufferBackend.h">
      <Filter>include\Logme\Backend</Filter>
    </ClInclude>
    <ClInclude Include="include\Logme\Backend\SharedFileBackend.h">
      <Filter>include\Logme\Backend</Filter>
    </ClInclude>
    <ClInclude Include="include\Logme\DayChangeDetector.h">
      <Filter>include\Logme</Filter>
    </ClInclude>
    <ClInclude Include="include\Logme\File\DirectorySizeWatchdog.h">
      <Filter>include\Logme\File</Filter>
    </ClInclude>
    <ClInclude Include="include\Logme\File\FileManager.h">
      <Filter>include\Logme\File</Filter>
    </ClInclude>
    <ClInclude Include="include\Logme\File\FileManagerFactory.h">
      <Filter>include\Logme\File</Filter>
    </ClInclude>
    <ClInclude Include="include\Logme\Json\Loader.h">
      <Filter>include\Logme\Json</Filter>
    </ClInclude>
    <ClInclude Include="include\Logme\ObfString.h">
      <Filter>include\Logme</Filter>
    </ClInclude>
    <ClInclude Include="include\Logme\Obfuscate.h">
      <Filter>include\Logme</Filter>
    </ClInclude>
    <ClInclude Include="include\Logme\Override.h">
      <Filter>include\Logme</Filter>
    </ClInclude>
    <ClInclude Include="include\Logme\ReentryGuard.h">
      <Filter>include\Logme</Filter>
    </ClInclude>
    <ClInclude Include="include\Logme\SID.h">
      <Filter>include\Logme</Filter>
    </ClInclude>
    <ClInclude Include="include\Logme\SafeID.h">
      <Filter>include\Logme</Filter>
    </ClInclude>
    <ClInclude Include="include\Logme\Ssl.h">
      <Filter>include\Logme</Filter>
    </ClInclude>
    <ClInclude Include="include\Logme\ThreadChannel.h">
      <Filter>include\Logme</Filter>
    </ClInclude>
    <ClInclude Include="include\Logme\ThreadName.h">
      <Filter>include\Logme</Filter>
    </ClInclude>
    <ClInclude Include="include\Logme\ThreadOverride.h">
      <Filter>include\Logme</Filter>
    </ClInclude>
    <ClInclude Include="include\Logme\version.h">
      <Filter>include\Logme</Filter>
    </ClInclude>
    <ClInclude Include="include\Logme\Buffer\BufferCounters.h">
      <Filter>include\Logme\Buffer</Filter>
    </ClInclude>
    <ClInclude Include="include\Logme\Buffer\BufferQueue.h">
      <Filter>include\Logme\Buffer</Filter>
    </ClInclude>
    <ClInclude Include="include\Logme\Buffer\DataBuffer.h">
      <Filter>include\Logme\Buffer</Filter>
    </ClInclude>
</ItemGroup>
  <ItemGroup>
    <ClCompile Include="source\Time\datetime_common.cpp">
      <Filter>source\Time</Filter>
    </ClCompile>
    <ClCompile Include="source\Time\datetime_lx.cpp">
      <Filter>source\Time</Filter>
    </ClCompile>
    <ClCompile Include="source\Time\datetime_win.cpp">
      <Filter>source\Time</Filter>
    </ClCompile>
    <ClCompile Include="source\Time\datetime_utils.cpp">
      <Filter>source\Time</Filter>
    </ClCompile>
    <ClCompile Include="source\Backend\Backend.cpp">
      <Filter>source\Backend</Filter>
    </ClCompile>
    <ClCompile Include="source\Backend\BackendConfig.cpp">
      <Filter>source\Backend</Filter>
    </ClCompile>
    <ClCompile Include="source\Backend\BufferBackend.cpp">
      <Filter>source\Backend</Filter>
    </ClCompile>
    <ClCompile Include="source\Backend\RingBufferBackendConfig.cpp">
      <Filter>source\Backend</Filter>
    </ClCompile>
    <ClCompile Include="source\Backend\RingBufferBackend.cpp">
      <Filter>source\Backend</Filter>
    </ClCompile>
    <ClCompile Include="source\Backend\BufferBackendConfig.cpp">
      <Filter>source\Backend</Filter>
    </ClCompile>
    <ClCompile Include="source\Backend\ConsoleBackend.cpp">
      <Filter>source\Backend</Filter>
    </ClCompile>
    <ClCompile Include="source\Backend\DebugBackend.cpp">
      <Filter>source\Backend</Filter>
    </ClCompile>
    <ClCompile Include="source\Backend\FileBackend.cpp">
      <Filter>source\Backend</Filter>
    </ClCompile>
    <ClCompile Include="source\Backend\FileBackendConfig.cpp">
      <Filter>source\Backend</Filter>
    </ClCompile>
    <ClCompile Include="source\Config\Config.cpp">
      <Filter>source\Config</Filter>
    </ClCompile>
    <ClCompile Include="source\Config\Helper.cpp">
      <Filter>source\Config</Filter>
    </ClCompile>
    <ClCompile Include="source\Config\ParseChannel.cpp">
      <Filter>source\Config</Filter>
    </ClCompile>
    <ClCompile Include="source\Config\ParseControl.cpp">
      <Filter>source\Config</Filter>
    </ClCompile>
    <ClCompile Include="source\Config\ParseFlags.cpp">
      <Filter>source\Config</Filter>
    </ClCompile>
    <ClCompile Include="source\Control\CommandDescriptor.cpp">
      <Filter>source\Control</Filter>
    </ClCompile>
    <ClCompile Include="source\Control\CommandRegistrar.cpp">
      <Filter>source\Control</Filter>
    </ClCompile>
    <ClCompile Include="source\Control\Control.cpp">
      <Filter>source\Control</Filter>
    </ClCompile>
    <ClCompile Include="source\Backend\SharedFileBackend.cpp">
      <Filter>source\Backend</Filter>
    </ClCompile>
    <ClCompile Include="source\Backend\SharedFileBackendConfig.cpp">
      <Filter>source\Backend</Filter>
    </ClCompile>
    <ClCompile Include="source\BindAllStat.cpp">
      <Filter>source</Filter>
    </ClCompile>
    <ClCompile Include="source\Channel.cpp">
      <Filter>source</Filter>
    </ClCompile>
    <ClCompile Include="source\Colorizer.cpp">
      <Filter>source</Filter>
    </ClCompile>
    <ClCompile Include="source\Context.cpp">
      <Filter>source</Filter>
    </ClCompile>
    <ClCompile Include="source\Convert.cpp">
      <Filter>source</Filter>
    </ClCompile>
    <ClCompile Include="source\DayChangeDetector.cpp">
      <Filter>source</Filter>
    </ClCompile>
    <ClCompile Include="source\Environment.cpp">
      <Filter>source</Filter>
    </ClCompile>
    <ClCompile Include="source\Logger.cpp">
      <Filter>source</Filter>
    </ClCompile>
    <ClCompile Include="source\Module.cpp">
      <Filter>source</Filter>
    </ClCompile>
    <ClCompile Include="source\Obfuscate.cpp">
      <Filter>source</Filter>
    </ClCompile>
    <ClCompile Include="source\OutputFlags.cpp">
      <Filter>source</Filter>
    </ClCompile>
    <ClCompile Include="source\Override.cpp">
      <Filter>source</Filter>
    </ClCompile>
    <ClCompile Include="source\Printer.cpp">
      <Filter>source</Filter>
    </ClCompile>
    <ClCompile Include="source\Procedure.cpp">
      <Filter>source</Filter>
    </ClCompile>
    <ClCompile Include="source\SafeID.cpp">
      <Filter>source</Filter>
    </ClCompile>
    <ClCompile Include="source\SID.cpp">
      <Filter>source</Filter>
    </ClCompile>
    <ClCompile Include="source\Stream.cpp">
      <Filter>source</Filter>
    </ClCompile>
    <ClCompile Include="source\Template.cpp">
      <Filter>source</Filter>
    </ClCompile>
    <ClCompile Include="source\ThreadChannel.cpp">
      <Filter>source</Filter>
    </ClCompile>
    <ClCompile Include="source\ThreadName.cpp">
      <Filter>source</Filter>
    </ClCompile>
    <ClCompile Include="source\ThreadOverride.cpp">
      <Filter>source</Filter>
    </ClCompile>
    <ClCompile Include="source\Utils.cpp">
      <Filter>source</Filter>
    </ClCompile>
    <ClCompile Include="source\Control\Json.cpp">
      <Filter>source\Control</Filter>
    </ClCompile>
    <ClCompile Include="source\Config\ByteSizeValue.cpp">
      <Filter>source\Config</Filter>
    </ClCompile>
    <ClCompile Include="source\Config\ParseHomeDirectory.cpp">
      <Filter>source\Config</Filter>
    </ClCompile>
    <ClCompile Include="source\Config\ParseSubsystem.cpp">
      <Filter>source\Config</Filter>
    </ClCompile>
    <ClCompile Include="source\Config\TimeIntervalValue.cpp">
      <Filter>source\Config</Filter>
    </ClCompile>
    <ClCompile Include="source\Ssl\Ssl.cpp">
      <Filter>source\Ssl</Filter>
    </ClCompile>
    <ClCompile Include="source\Json\Loader.cpp">
      <Filter>source\Json</Filter>
    </ClCompile>
    <ClCompile Include="source\File\CleanOldest.cpp">
      <Filter>source\File</Filter>
    </ClCompile>
    <ClCompile Include="source\File\DirectorySizeWatchdog.cpp">
      <Filter>source\File</Filter>
    </ClCompile>
    <ClCompile Include="source\File\exe_path.cpp">
      <Filter>source\File</Filter>
    </ClCompile>
    <ClCompile Include="source\File\file_io.cpp">
      <Filter>source\File</Filter>
    </ClCompile>
    <ClCompile Include="source\File\FileManager.cpp">
      <Filter>source\File</Filter>
    </ClCompile>
    <ClCompile Include="source\File\FileManagerFactory.cpp">
      <Filter>source\File</Filter>
    </ClCompile>
    <ClCompile Include="source\Control\Command\CmdBackend.cpp">
      <Filter>source\Control\Command</Filter>
    </ClCompile>
    <ClCompile Include="source\Control\Command\CmdChannel.cpp">
      <Filter>source\Control\Command</Filter>
    </ClCompile>
    <ClCompile Include="source\Control\Command\CmdFlags.cpp">
      <Filter>source\Control\Command</Filter>
    </ClCompile>
    <ClCompile Include="source\Control\Command\CmdHelp.cpp">
      <Filter>source\Control\Command</Filter>
    </ClCompile>
    <ClCompile Include="source\Control\Command\CmdLevel.cpp">
      <Filter>source\Control\Command</Filter>
    </ClCompile>
    <ClCompile Include="source\Control\Command\CmdList.cpp">
      <Filter>source\Control\Command</Filter>
    </ClCompile>
    <ClCompile Include="source\Control\Command\CmdSubsystem.cpp">
      <Filter>source\Control\Command</Filter>
    </ClCompile>
      <ClCompile Include="source\Dump.cpp">
      <Filter>source</Filter>
    </ClCompile>
    <ClCompile Include="source\Buffer\BufferQueue.cpp">
      <Filter>source\Buffer</Filter>
    </ClCompile>
    <ClCompile Include="source\Buffer\DataBuffer.cpp">
      <Filter>source\Buffer</Filter>
    </ClCompile>
</ItemGroup>
</Project>