<?xml version="1.0" encoding="utf-8"?>
<Project ToolsVersion="4.0" xmlns="http://schemas.microsoft.com/developer/msbuild/2003">
  <ItemGroup>
    <Filter Include="Backend">
      <UniqueIdentifier>{165cf686-0036-424f-bc03-93ba57b84c3a}</UniqueIdentifier>
    </Filter>
    <Filter Include="File">
      <UniqueIdentifier>{8e006ff7-3d0b-49f6-b427-c7c369994b9a}</UniqueIdentifier>
    </Filter>
    <Filter Include="Time">
      <UniqueIdentifier>{1d24ef1f-460e-4a79-8d80-b02cae133c82}</UniqueIdentifier>
    </Filter>
    <Filter Include="Config">
      <UniqueIdentifier>{61e4695a-ebe6-4486-9942-27d7b64527e6}</UniqueIdentifier>
    </Filter>
    <Filter Include="Control">
      <UniqueIdentifier>{2c5ed8ac-2191-465e-8d83-c060619003fb}</UniqueIdentifier>
    </Filter>
    <Filter Include="Control\Command">
      <UniqueIdentifier>{116cab6f-6ae4-46b1-82d6-b9270e1d3e7b}</UniqueIdentifier>
    </Filter>
    <Filter Include="Json">
      <UniqueIdentifier>{e5a61172-7c47-49d0-b71d-1fe5b28b234f}</UniqueIdentifier>
    </Filter>
    <Filter Include="Ssl">
      <UniqueIdentifier>{104556a7-ed40-4c47-8793-65377809ea5b}</UniqueIdentifier>
    </Filter>
      <Filter Include="Dump.cpp">
      <UniqueIdentifier>{4b91b411-7fdd-5924-95c4-97e635bc2dfb}</UniqueIdentifier>
    </Filter>
    <Filter Include="..\logme\include\Logme">
      <UniqueIdentifier>{786d4ca7-47ac-5f7d-a3e5-3a20d7f4ed1c}</UniqueIdentifier>
    </Filter>
    <Filter Include="..\logme\include\Logme\Backend">
      <UniqueIdentifier>{1d5f23d5-b9e2-5a7d-96cc-7867b3fdd5c9}</UniqueIdentifier>
    </Filter>
    <Filter Include="..\logme\include\Logme\File">
      <UniqueIdentifier>{39a83729-b151-5c08-91ac-d0dbe653522d}</UniqueIdentifier>
    </Filter>
    <Filter Include="..\logme\include\Logme\Json">
      <UniqueIdentifier>{8b50837a-7db3-54c7-a890-b386ff51f2ab}</UniqueIdentifier>
    </Filter>
    <Filter Include="..\logme\include\Logme\Time">
      <UniqueIdentifier>{ac0e2f2a-aea1-5f66-8367-6b62d84fd954}</UniqueIdentifier>
    </Filter>
    <Filter Include="Buffer">
      <UniqueIdentifier>{610d2504-f417-5cc8-bd0d-5f505b3aab63}</UniqueIdentifier>
    </Filter>
    <Filter Include="..\logme\include\Logme\Buffer">
      <UniqueIdentifier>{bdcc6922-41d6-514c-9ede-5909fedd5473}</UniqueIdentifier>
    </Filter>
</ItemGroup>
  <ItemGroup>
    <ClCompile Include="..\logme\source\Backend\Backend.cpp">
      <Filter>Backend</Filter>
    </ClCompile>
    <ClCompile Include="..\logme\source\Backend\BackendConfig.cpp">
      <Filter>Backend</Filter>
    </ClCompile>
    <ClCompile Include="..\logme\source\Backend\BufferBackend.cpp">
      <Filter>Backend</Filter>
    </ClCompile>
    <ClCompile Include="..\logme\source\Backend\BufferBackendConfig.cpp">
      <Filter>Backend</Filter>
    </ClCompile>
    <ClCompile Include="..\logme\source\Backend\RingBufferBackend.cpp">
      <Filter>Backend</Filter>
    </ClCompile>
    <ClCompile Include="..\logme\source\Backend\RingBufferBackendConfig.cpp">
      <Filter>Backend</Filter>
    </ClCompile>    
	<ClCompile Include="..\logme\source\Backend\ConsoleBackend.cpp">
      <Filter>Backend</Filter>
    </ClCompile>
    <ClCompile Include="..\logme\source\Backend\DebugBackend.cpp">
      <Filter>Backend</Filter>
    </ClCompile>
    <ClCompile Include="..\logme\source\Backend\FileBackend.cpp">
      <Filter>Backend</Filter>
    </ClCompile>
    <ClCompile Include="..\logme\source\Backend\FileBackendConfig.cpp">
      <Filter>Backend</Filter>
    </ClCompile>
    <ClCompile Include="..\logme\source\File\exe_path.cpp">
      <Filter>File</Filter>
    </ClCompile>
    <ClCompile Include="..\logme\source\File\file_io.cpp">
      <Filter>File</Filter>
    </ClCompile>
    <ClCompile Include="..\logme\source\File\FileManager.cpp">
      <Filter>File</Filter>
    </ClCompile>
    <ClCompile Include="..\logme\source\File\FileManagerFactory.cpp">
      <Filter>File</Filter>
    </ClCompile>
    <ClCompile Include="..\logme\source\Time\datetime_common.cpp">
      <Filter>Time</Filter>
    </ClCompile>
    <ClCompile Include="..\logme\source\Time\datetime_lx.cpp">
      <Filter>Time</Filter>
    </ClCompile>
    <ClCompile Include="..\logme\source\Time\datetime_utils.cpp">
      <Filter>Time</Filter>
    </ClCompile>
    <ClCompile Include="..\logme\source\Time\datetime_win.cpp">
      <Filter>Time</Filter>
    </ClCompile>
    <ClCompile Include="..\logme\source\Config\Config.cpp">
      <Filter>Config</Filter>
    </ClCompile>
    <ClCompile Include="..\logme\source\Config\Helper.cpp">
      <Filter>Config</Filter>
    </ClCompile>
    <ClCompile Include="..\logme\source\Config\ParseChannel.cpp">
      <Filter>Config</Filter>
    </ClCompile>
    <ClCompile Include="..\logme\source\Config\ParseControl.cpp">
      <Filter>Config</Filter>
    </ClCompile>
    <ClCompile Include="..\logme\source\Config\ParseFlags.cpp">
      <Filter>Config</Filter>
    </ClCompile>
    <ClCompile Include="..\logme\source\Control\CommandDescriptor.cpp">
      <Filter>Control</Filter>
    </ClCompile>
    <ClCompile Include="..\logme\source\Control\CommandRegistrar.cpp">
      <Filter>Control</Filter>
    </ClCompile>
    <ClCompile Include="..\logme\source\Control\Control.cpp">
      <Filter>Control</Filter>
    </ClCompile>
    <ClCompile Include="..\logme\source\Backend\SharedFileBackend.cpp">
      <Filter>Backend</Filter>
    </ClCompile>
    <ClCompile Include="..\logme\source\Backend\SharedFileBackendConfig.cpp">
      <Filter>Backend</Filter>
    </ClCompile>
    <ClCompile Include="..\logme\source\Config\ByteSizeValue.cpp">
      <Filter>Config</Filter>
    </ClCompile>
    <ClCompile Include="..\logme\source\Config\ParseHomeDirectory.cpp">
      <Filter>Config</Filter>
    </ClCompile>
    <ClCompile Include="..\logme\source\Config\ParseSubsystem.cpp">
      <Filter>Config</Filter>
    </ClCompile>
    <ClCompile Include="..\logme\source\Config\TimeIntervalValue.cpp">
      <Filter>Config</Filter>
    </ClCompile>
    <ClCompile Include="..\logme\source\Control\Json.cpp">
      <Filter>Control</Filter>
    </ClCompile>
    <ClCompile Include="..\logme\source\File\CleanOldest.cpp">
      <Filter>File</Filter>
    </ClCompile>
    <ClCompile Include="..\logme\source\File\DirectorySizeWatchdog.cpp">
      <Filter>File</Filter>
    </ClCompile>
    <ClCompile Include="..\logme\source\Json\Loader.cpp">
      <Filter>Json</Filter>
    </ClCompile>
    <ClCompile Include="..\logme\source\Ssl\Ssl.cpp">
      <Filter>Ssl</Filter>
    </ClCompile>
    <ClCompile Include="..\logme\source\BindAllStat.cpp" />
    <ClCompile Include="..\logme\source\Channel.cpp" />
    <ClCompile Include="..\logme\source\Colorizer.cpp" />
    <ClCompile Include="..\logme\source\Context.cpp" />
    <ClCompile Include="..\logme\source\Convert.cpp" />
    <ClCompile Include="..\logme\source\DayChangeDetector.cpp" />
    <ClCompile Include="..\logme\source\Environment.cpp" />
    <ClCompile Include="..\logme\source\Logger.cpp" />
    <ClCompile Include="..\logme\source\Module.cpp" />
    <ClCompile Include="..\logme\source\Obfuscate.cpp" />
    <ClCompile Include="..\logme\source\OutputFlags.cpp" />
    <ClCompile Include="..\logme\source\Override.cpp" />
    <ClCompile Include="..\logme\source\Printer.cpp" />
    <ClCompile Include="..\logme\source\Procedure.cpp" />
    <ClCompile Include="..\logme\source\SafeID.cpp" />
    <ClCompile Include="..\logme\source\SID.cpp" />
    <ClCompile Include="..\logme\source\Stream.cpp" />
    <ClCompile Include="..\logme\source\Template.cpp" />
    <ClCompile Include="..\logme\source\ThreadChannel.cpp" />
    <ClCompile Include="..\logme\source\ThreadName.cpp" />
    <ClCompile Include="..\logme\source\ThreadOverride.cpp" />
    <ClCompile Include="..\logme\source\Utils.cpp" />
    <ClCompile Include="..\logme\source\Control\Command\CmdBackend.cpp">
      <Filter>Control\Command</Filter>
    </ClCompile>
    <ClCompile Include="..\logme\source\Control\Command\CmdChannel.cpp">
      <Filter>Control\Command</Filter>
    </ClCompile>
    <ClCompile Include="..\logme\source\Control\Command\CmdFlags.cpp">
      <Filter>Control\Command</Filter>
    </ClCompile>
    <ClCompile Include="..\logme\source\Control\Command\CmdHelp.cpp">
      <Filter>Control\Command</Filter>
    </ClCompile>
    <ClCompile Include="..\logme\source\Control\Command\CmdLevel.cpp">
      <Filter>Control\Command</Filter>
    </ClCompile>
    <ClCompile Include="..\logme\source\Control\Command\CmdList.cpp">
      <Filter>Control\Command</Filter>
    </ClCompile>
    <ClCompile Include="..\logme\source\Control\Command\CmdSubsystem.cpp">
      <Filter>Control\Command</Filter>
    </ClCompile>
      <ClCompile Include="..\logme\source\Dump.cpp">
      <Filter>Dump.cpp</Filter>
    </ClCompile>
    <ClCompile Include="..\logme\source\Buffer\BufferQueue.cpp">
      <Filter>Buffer</Filter>
    </ClCompile>
    <ClCompile Include="..\logme\source\Buffer\DataBuffer.cpp">
      <Filter>Buffer</Filter>
    </ClCompile>
</ItemGroup>
  <ItemGroup>
    <ClInclude Include="..\logme\source\Time\utils.h">
      <Filter>Time</Filter>
    </ClInclude>
    <ClInclude Include="..\logme\source\Config\Helper.h">
      <Filter>Config</Filter>
    </ClInclude>
    <ClInclude Include="..\logme\source\Control\CommandDescriptor.h">
      <Filter>Control</Filter>
    </ClInclude>
    <ClInclude Include="..\logme\source\Control\CommandRegistrar.h">
      <Filter>Control</Filter>
    </ClInclude>
    <ClInclude Include="..\logme\source\Control\Json.h">
      <Filter>Control</Filter>
    </ClInclude>
    <ClInclude Include="..\logme\source\File\CleanOldest.h">
      <Filter>File</Filter>
    </ClInclude>
    <ClInclude Include="..\logme\source\StringHelpers.h" />
      <ClInclude Include="..\logme\include\Logme\AllStatI.h">
      <Filter>..\logme\include\Logme</Filter>
    </ClInclude>
    <ClInclude Include="..\logme\include\Logme\AnsiColorEscape.h">
      <Filter>..\logme\include\Logme</Filter>
    </ClInclude>
    <ClInclude Include="..\logme\include\Logme\ArgumentList.h">
      <Filter>..\logme\include\Logme</Filter>
    </ClInclude>
    <ClInclude Include="..\logme\include\Logme\Backend\Backend.h">
      <Filter>..\logme\include\Logme\Backend</Filter>
    </ClInclude>
    <ClInclude Include="..\logme\include\Logme\Backend\BufferBackend.h">
      <Filter>..\logme\include\Logme\Backend</Filter>
    </ClInclude>
    <ClInclude Include="..\logme\include\Logme\Backend\ConsoleBackend.h">
      <Filter>..\logme\include\Logme\Backend</Filter>
    </ClInclude>
    <ClInclude Include="..\logme\include\Logme\Backend\DebugBackend.h">
      <Filter>..\logme\include\Logme\Backend</Filter>
    </ClInclude>
    <ClInclude Include="..\logme\include\Logme\Backend\FileBackend.h">
      <Filter>..\logme\include\Logme\Backend</Filter>
    </ClInclude>
    <ClInclude Include="..\logme\include\Logme\Backend\RingBufferBackend.h">
      <Filter>..\logme\include\Logme\Backend</Filter>
    </ClInclude>
    <ClInclude Include="..\logme\include\Logme\Backend\SharedFileBackend.h">
      <Filter>..\logme\include\Logme\Backend</Filter>
    </ClInclude>
    <ClInclude Include="..\logme\include\Logme\Channel.h">
      <Filter>..\logme\include\Logme</Filter>
    </ClInclude>
    <ClInclude Include="..\logme\include\Logme\Colorizer.h">
      <Filter>..\logme\include\Logme</Filter>
    </ClInclude>
    <ClInclude Include="..\logme\include\Logme\Context.h">
      <Filter>..\logme\include\Logme</Filter>
    </ClInclude>
    <ClInclude Include="..\logme\include\Logme\Convert.h">
      <Filter>..\logme\include\Logme</Filter>
    </ClInclude>
    <ClInclude Include="..\logme\include\Logme\DayChangeDetector.h">
      <Filter>..\logme\include\Logme</Filter>
    </ClInclude>
    <ClInclude Include="..\logme\include\Logme\File\DirectorySizeWatchdog.h">
      <Filter>..\logme\include\Logme\File</Filter>
    </ClInclude>
    <ClInclude Include="..\logme\include\Logme\File\FileManager.h">
      <Filter>..\logme\include\Logme\File</Filter>
    </ClInclude>
    <ClInclude Include="..\logme\include\Logme\File\FileManagerFactory.h">
      <Filter>..\logme\include\Logme\File</Filter>
    </ClInclude>
    <ClInclude Include="..\logme\include\Logme\File\exe_path.h">
      <Filter>..\logme\include\Logme\File</Filter>
    </ClInclude>
    <ClInclude Include="..\logme\include\Logme\File\file_io.h">
      <Filter>..\logme\include\Logme\File</Filter>
    </ClInclude>
    <ClInclude Include="..\logme\include\Logme\ID.h">
      <Filter>..\logme\include\Logme</Filter>
    </ClInclude>
    <ClInclude Include="..\logme\include\Logme\Json\Loader.h">
      <Filter>..\logme\include\Logme\Json</Filter>
    </ClInclude>
    <ClInclude Include="..\logme\include\Logme\Logger.h">
      <Filter>..\logme\include\Logme</Filter>
    </ClInclude>
    <ClInclude Include="..\logme\include\Logme\Logme.h">
      <Filter>..\logme\include\Logme</Filter>
    </ClInclude>
    <ClInclude Include="..\logme\include\Logme\Module.h">
      <Filter>..\logme\include\Logme</Filter>
    </ClInclude>
    <ClInclude Include="..\logme\include\Logme\ObfString.h">
      <Filter>..\logme\include\Logme</Filter>
    </ClInclude>
    <ClInclude Include="..\logme\include\Logme\Obfuscate.h">
      <Filter>..\logme\include\Logme</Filter>
    </ClInclude>
    <ClInclude Include="..\logme\include\Logme\OutputFlags.h">
      <Filter>..\logme\include\Logme</Filter>
    </ClInclude>
    <ClInclude Include="..\logme\include\Logme\Override.h">
      <Filter>..\logme\include\Logme</Filter>
    </ClInclude>
    <ClInclude Include="..\logme\include\Logme\Printer.h">
      <Filter>..\logme\include\Logme</Filter>
    </ClInclude>
    <ClInclude Include="..\logme\include\Logme\Procedure.h">
      <Filter>..\logme\include\Logme</Filter>
    </ClInclude>
    <ClInclude Include="..\logme\include\Logme\ReentryGuard.h">
      <Filter>..\logme\include\Logme</Filter>
    </ClInclude>
    <ClInclude Include="..\logme\include\Logme\SID.h">
      <Filter>..\logme\include\Logme</Filter>
    </ClInclude>
    <ClInclude Include="..\logme\include\Logme\SafeID.h">
      <Filter>..\logme\include\Logme</Filter>
    </ClInclude>
    <ClInclude Include="..\logme\include\Logme\Ssl.h">
      <Filter>..\logme\include\Logme</Filter>
    </ClInclude>
    <ClInclude Include="..\logme\include\Logme\Stream.h">
      <Filter>..\logme\include\Logme</Filter>
    </ClInclude>
    <ClInclude Include="..\logme\include\Logme\Template.h">
      <Filter>..\logme\include\Logme</Filter>
    </ClInclude>
    <ClInclude Include="..\logme\include\Logme\ThreadChannel.h">
      <Filter>..\logme\include\Logme</Filter>
    </ClInclude>
    <ClInclude Include="..\logme\include\Logme\ThreadName.h">
      <Filter>..\logme\include\Logme</Filter>
    </ClInclude>
    <ClInclude Include="..\logme\include\Logme\ThreadOverride.h">
      <Filter>..\logme\include\Logme</Filter>
    </ClInclude>
    <ClInclude Include="..\logme\include\Logme\Time\datetime.h">
      <Filter>..\logme\include\Logme\Time</Filter>
    </ClInclude>
    <ClInclude Include="..\logme\include\Logme\Time\reentrant.h">
      <Filter>..\logme\include\Logme\Time</Filter>
    </ClInclude>
    <ClInclude Include="..\logme\include\Logme\Time\types.h">
      <Filter>..\logme\include\Logme\Time</Filter>
    </ClInclude>
    <ClInclude Include="..\logme\include\Logme\Types.h">
      <Filter>..\logme\include\Logme</Filter>
    </ClInclude>
    <ClInclude Include="..\logme\include\Logme\Utils.h">
      <Filter>..\logme\include\Logme</Filter>
    </ClInclude>
    <ClInclude Include="..\logme\include\Logme\version.h">
      <Filter>..\logme\include\Logme</Filter>
    </ClInclude>
    <ClInclude Include="..\logme\include\Logme\Buffer\BufferCounters.h">
      <Filter>..\logme\include\Logme\Buffer</Filter>
    </ClInclude>
    <ClInclude Include="..\logme\include\Logme\Buffer\BufferQueue.h">
      <Filter>..\logme\include\Logme\Buffer</Filter>
    </ClInclude>
    <ClInclude Include="..\logme\include\Logme\Buffer\DataBuffer.h">
      <Filter>..\logme\include\Logme\Buffer</Filter>
    </ClInclude>
</ItemGroup>
</Project>