
Microsoft Visual Studio Solution File, Format Version 12.00
# Visual Studio Version 17
VisualStudioVersion = 17.14.36310.24 d17.14
MinimumVisualStudioVersion = 10.0.40219.1
Project("{8BC9CEB8-8B4A-11D0-8D11-00A0C91BC942}") = "logme", "logme\logme.vcxproj", "{2D2F28FC-D182-4717-836F-1C012026393C}"
EndProject
Project("{8BC9CEB8-8B4A-11D0-8D11-00A0C91BC942}") = "logmed", "dynamic\logmed.vcxproj", "{8ABCA999-933B-4947-BA49-9C9DC933E2CF}"
EndProject
Project("{8BC9CEB8-8B4A-11D0-8D11-00A0C91BC942}") = "logmectl", "tools\logmectl\logmectl.vcxproj", "{18378DD4-57F6-4BE7-A130-60793CBFD139}"
EndProject
Project("{8BC9CEB8-8B4A-11D0-8D11-00A0C91BC942}") = "Basic", "examples\Basic\Basic.vcxproj", "{71856D97-7C6A-476C-A5BD-5C49E3CE0C6A}"
EndProject
Project("{8BC9CEB8-8B4A-11D0-8D11-00A0C91BC942}") = "ChannelSetup", "examples\ChannelSetup\ChannelSetup.vcxproj", "{0669627E-AA31-4687-AA5F-DE93EE6D4010}"
EndProject
Project("{8BC9CEB8-8B4A-11D0-8D11-00A0C91BC942}") = "Channels", "examples\Channels\Channels.vcxproj", "{4BD7A145-FB00-40D6-813E-36327580F794}"
EndProject
Project("{8BC9CEB8-8B4A-11D0-8D11-00A0C91BC942}") = "DynamicControl", "examples\DynamicControl\DynamicControl.vcxproj", "{3C19B9C9-4071-410F-A7A4-40590105EC7F}"
EndProject
Project("{8BC9CEB8-8B4A-11D0-8D11-00A0C91BC942}") = "FormatApi", "examples\FormatApi\FormatApi.vcxproj", "{439F68B9-DC22-4ED7-8744-5BC06B85C463}"
EndProject
Project("{8BC9CEB8-8B4A-11D0-8D11-00A0C91BC942}") = "Multithread", "examples\Multithread\Multithread.vcxproj", "{28C5BBFD-9869-4192-B0CF-1B98A5FA4855}"
EndProject
Project("{8BC9CEB8-8B4A-11D0-8D11-00A0C91BC942}") = "OneTime", "examples\OneTime\OneTime.vcxproj", "{8C138806-1623-4536-95CB-BA1F31B8FBC3}"
EndProject
Project("{8BC9CEB8-8B4A-11D0-8D11-00A0C91BC942}") = "Override", "examples\Override\Override.vcxproj", "{559DE2BD-93B8-4DE9-B21C-AC88907978E8}"
EndProject
Project("{8BC9CEB8-8B4A-11D0-8D11-00A0C91BC942}") = "Procedure", "examples\Procedure\Procedure.vcxproj", "{B9B49011-0C68-41E5-95C1-6A58BA955012}"
EndProject
Project("{8BC9CEB8-8B4A-11D0-8D11-00A0C91BC942}") = "ThreadContext", "examples\ThreadContext\ThreadContext.vcxproj", "{27453451-611E-4891-84AA-35F6D6E54D49}"
EndProject
Project("{2150E333-8FDC-42A3-9474-1A3956D46DE8}") = "Examples", "Examples", "{02EA681E-C7D8-13C7-8484-4AC65E1B71E8}"
EndProject
Project("{2150E333-8FDC-42A3-9474-1A3956D46DE8}") = "Tools", "Tools", "{E6D21133-B9EC-4976-B438-B0E055E77D6E}"
EndProject
Global
	GlobalSection(SolutionConfigurationPlatforms) = preSolution
		Debug|x64 = Debug|x64
		Debug|x86 = Debug|x86
		Release|x64 = Release|x64
		Release|x86 = Release|x86
	EndGlobalSection
	GlobalSection(ProjectConfigurationPlatforms) = postSolution
		{2D2F28FC-D182-4717-836F-1C012026393C}.Debug|x64.ActiveCfg = Debug|x64
		{2D2F28FC-D182-4717-836F-1C012026393C}.Debug|x64.Build.0 = Debug|x64
		{2D2F28FC-D182-4717-836F-1C012026393C}.Debug|x86.ActiveCfg = Debug|Win32
		{2D2F28FC-D182-4717-836F-1C012026393C}.Debug|x86.Build.0 = Debug|Win32
		{2D2F28FC-D182-4717-836F-1C012026393C}.Release|x64.ActiveCfg = Release|x64
		{2D2F28FC-D182-4717-836F-1C012026393C}.Release|x64.Build.0 = Release|x64
		{2D2F28FC-D182-4717-836F-1C012026393C}.Release|x86.ActiveCfg = Release|Win32
		{2D2F28FC-D182-4717-836F-1C012026393C}.Release|x86.Build.0 = Release|Win32
		{8ABCA999-933B-4947-BA49-9C9DC933E2CF}.Debug|x64.ActiveCfg = Debug|x64
		{8ABCA999-933B-4947-BA49-9C9DC933E2CF}.Debug|x64.Build.0 = Debug|x64
		{8ABCA999-933B-4947-BA49-9C9DC933E2CF}.Debug|x86.ActiveCfg = Debug|Win32
		{8ABCA999-933B-4947-BA49-9C9DC933E2CF}.Debug|x86.Build.0 = Debug|Win32
		{8ABCA999-933B-4947-BA49-9C9DC933E2CF}.Release|x64.ActiveCfg = Release|x64
		{8ABCA999-933B-4947-BA49-9C9DC933E2CF}.Release|x64.Build.0 = Release|x64
		{8ABCA999-933B-4947-BA49-9C9DC933E2CF}.Release|x86.ActiveCfg = Release|Win32
		{8ABCA999-933B-4947-BA49-9C9DC933E2CF}.Release|x86.Build.0 = Release|Win32
		{18378DD4-57F6-4BE7-A130-60793CBFD139}.Debug|x64.ActiveCfg = Debug|x64
		{18378DD4-57F6-4BE7-A130-60793CBFD139}.Debug|x64.Build.0 = Debug|x64
		{18378DD4-57F6-4BE7-A130-60793CBFD139}.Debug|x86.ActiveCfg = Debug|Win32
		{18378DD4-57F6-4BE7-A130-60793CBFD139}.Debug|x86.Build.0 = Debug|Win32
		{18378DD4-57F6-4BE7-A130-60793CBFD139}.Release|x64.ActiveCfg = Release|x64
		{18378DD4-57F6-4BE7-A130-60793CBFD139}.Release|x64.Build.0 = Release|x64
		{18378DD4-57F6-4BE7-A130-60793CBFD139}.Release|x86.ActiveCfg = Release|Win32
		{18378DD4-57F6-4BE7-A130-60793CBFD139}.Release|x86.Build.0 = Release|Win32
		{71856D97-7C6A-476C-A5BD-5C49E3CE0C6A}.Debug|x64.ActiveCfg = Debug|x64
		{71856D97-7C6A-476C-A5BD-5C49E3CE0C6A}.Debug|x64.Build.0 = Debug|x64
		{71856D97-7C6A-476C-A5BD-5C49E3CE0C6A}.Debug|x86.ActiveCfg = Debug|Win32
		{71856D97-7C6A-476C-A5BD-5C49E3CE0C6A}.Debug|x86.Build.0 = Debug|Win32
		{71856D97-7C6A-476C-A5BD-5C49E3CE0C6A}.Release|x64.ActiveCfg = Release|x64
		{71856D97-7C6A-476C-A5BD-5C49E3CE0C6A}.Release|x64.Build.0 = Release|x64
		{71856D97-7C6A-476C-A5BD-5C49E3CE0C6A}.Release|x86.ActiveCfg = Release|Win32
		{71856D97-7C6A-476C-A5BD-5C49E3CE0C6A}.Release|x86.Build.0 = Release|Win32
		{0669627E-AA31-4687-AA5F-DE93EE6D4010}.Debug|x64.ActiveCfg = Debug|x64
		{0669627E-AA31-4687-AA5F-DE93EE6D4010}.Debug|x64.Build.0 = Debug|x64
		{0669627E-AA31-4687-AA5F-DE93EE6D4010}.Debug|x86.ActiveCfg = Debug|Win32
		{0669627E-AA31-4687-AA5F-DE93EE6D4010}.Debug|x86.Build.0 = Debug|Win32
		{0669627E-AA31-4687-AA5F-DE93EE6D4010}.Release|x64.ActiveCfg = Release|x64
		{0669627E-AA31-4687-AA5F-DE93EE6D4010}.Release|x64.Build.0 = Release|x64
		{0669627E-AA31-4687-AA5F-DE93EE6D4010}.Release|x86.ActiveCfg = Release|Win32
		{0669627E-AA31-4687-AA5F-DE93EE6D4010}.Release|x86.Build.0 = Release|Win32
		{4BD7A145-FB00-40D6-813E-36327580F794}.Debug|x64.ActiveCfg = Debug|x64
		{4BD7A145-FB00-40D6-813E-36327580F794}.Debug|x64.Build.0 = Debug|x64
		{4BD7A145-FB00-40D6-813E-36327580F794}.Debug|x86.ActiveCfg = Debug|Win32
		{4BD7A145-FB00-40D6-813E-36327580F794}.Debug|x86.Build.0 = Debug|Win32
		{4BD7A145-FB00-40D6-813E-36327580F794}.Release|x64.ActiveCfg = Release|x64
		{4BD7A145-FB00-40D6-813E-36327580F794}.Release|x64.Build.0 = Release|x64
		{4BD7A145-FB00-40D6-813E-36327580F794}.Release|x86.ActiveCfg = Release|Win32
		{4BD7A145-FB00-40D6-813E-36327580F794}.Release|x86.Build.0 = Release|Win32
		{3C19B9C9-4071-410F-A7A4-40590105EC7F}.Debug|x64.ActiveCfg = Debug|x64
		{3C19B9C9-4071-410F-A7A4-40590105EC7F}.Debug|x64.Build.0 = Debug|x64
		{3C19B9C9-4071-410F-A7A4-40590105EC7F}.Debug|x86.ActiveCfg = Debug|Win32
		{3C19B9C9-4071-410F-A7A4-40590105EC7F}.Debug|x86.Build.0 = Debug|Win32
		{3C19B9C9-4071-410F-A7A4-40590105EC7F}.Release|x64.ActiveCfg = Release|x64
		{3C19B9C9-4071-410F-A7A4-40590105EC7F}.Release|x64.Build.0 = Release|x64
		{3C19B9C9-4071-410F-A7A4-40590105EC7F}.Release|x86.ActiveCfg = Release|Win32
		{3C19B9C9-4071-410F-A7A4-40590105EC7F}.Release|x86.Build.0 = Release|Win32
		{439F68B9-DC22-4ED7-8744-5BC06B85C463}.Debug|x64.ActiveCfg = Debug|x64
		{439F68B9-DC22-4ED7-8744-5BC06B85C463}.Debug|x64.Build.0 = Debug|x64
		{439F68B9-DC22-4ED7-8744-5BC06B85C463}.Debug|x86.ActiveCfg = Debug|Win32
		{439F68B9-DC22-4ED7-8744-5BC06B85C463}.Debug|x86.Build.0 = Debug|Win32
		{439F68B9-DC22-4ED7-8744-5BC06B85C463}.Release|x64.ActiveCfg = Release|x64
		{439F68B9-DC22-4ED7-8744-5BC06B85C463}.Release|x64.Build.0 = Release|x64
		{439F68B9-DC22-4ED7-8744-5BC06B85C463}.Release|x86.ActiveCfg = Release|Win32
		{439F68B9-DC22-4ED7-8744-5BC06B85C463}.Release|x86.Build.0 = Release|Win32
		{28C5BBFD-9869-4192-B0CF-1B98A5FA4855}.Debug|x64.ActiveCfg = Debug|x64
		{28C5BBFD-9869-4192-B0CF-1B98A5FA4855}.Debug|x64.Build.0 = Debug|x64
		{28C5BBFD-9869-4192-B0CF-1B98A5FA4855}.Debug|x86.ActiveCfg = Debug|Win32
		{28C5BBFD-9869-4192-B0CF-1B98A5FA4855}.Debug|x86.Build.0 = Debug|Win32
		{28C5BBFD-9869-4192-B0CF-1B98A5FA4855}.Release|x64.ActiveCfg = Release|x64
		{28C5BBFD-9869-4192-B0CF-1B98A5FA4855}.Release|x64.Build.0 = Release|x64
		{28C5BBFD-9869-4192-B0CF-1B98A5FA4855}.Release|x86.ActiveCfg = Release|Win32
		{28C5BBFD-9869-4192-B0CF-1B98A5FA4855}.Release|x86.Build.0 = Release|Win32
		{8C138806-1623-4536-95CB-BA1F31B8FBC3}.Debug|x64.ActiveCfg = Debug|x64
		{8C138806-1623-4536-95CB-BA1F31B8FBC3}.Debug|x64.Build.0 = Debug|x64
		{8C138806-1623-4536-95CB-BA1F31B8FBC3}.Debug|x86.ActiveCfg = Debug|Win32
		{8C138806-1623-4536-95CB-BA1F31B8FBC3}.Debug|x86.Build.0 = Debug|Win32
		{8C138806-1623-4536-95CB-BA1F31B8FBC3}.Release|x64.ActiveCfg = Release|x64
		{8C138806-1623-4536-95CB-BA1F31B8FBC3}.Release|x64.Build.0 = Release|x64
		{8C138806-1623-4536-95CB-BA1F31B8FBC3}.Release|x86.ActiveCfg = Release|Win32
		{8C138806-1623-4536-95CB-BA1F31B8FBC3}.Release|x86.Build.0 = Release|Win32
		{559DE2BD-93B8-4DE9-B21C-AC88907978E8}.Debug|x64.ActiveCfg = Debug|x64
		{559DE2BD-93B8-4DE9-B21C-AC88907978E8}.Debug|x64.Build.0 = Debug|x64
		{559DE2BD-93B8-4DE9-B21C-AC88907978E8}.Debug|x86.ActiveCfg = Debug|Win32
		{559DE2BD-93B8-4DE9-B21C-AC88907978E8}.Debug|x86.Build.0 = Debug|Win32
		{559DE2BD-93B8-4DE9-B21C-AC88907978E8}.Release|x64.ActiveCfg = Release|x64
		{559DE2BD-93B8-4DE9-B21C-AC88907978E8}.Release|x64.Build.0 = Release|x64
		{559DE2BD-93B8-4DE9-B21C-AC88907978E8}.Release|x86.ActiveCfg = Release|Win32
		{559DE2BD-93B8-4DE9-B21C-AC88907978E8}.Release|x86.Build.0 = Release|Win32
		{B9B49011-0C68-41E5-95C1-6A58BA955012}.Debug|x64.ActiveCfg = Debug|x64
		{B9B49011-0C68-41E5-95C1-6A58BA955012}.Debug|x64.Build.0 = Debug|x64
		{B9B49011-0C68-41E5-95C1-6A58BA955012}.Debug|x86.ActiveCfg = Debug|Win32
		{B9B49011-0C68-41E5-95C1-6A58BA955012}.Debug|x86.Build.0 = Debug|Win32
		{B9B49011-0C68-41E5-95C1-6A58BA955012}.Release|x64.ActiveCfg = Release|x64
		{B9B49011-0C68-41E5-95C1-6A58BA955012}.Release|x64.Build.0 = Release|x64
		{B9B49011-0C68-41E5-95C1-6A58BA955012}.Release|x86.ActiveCfg = Release|Win32
		{B9B49011-0C68-41E5-95C1-6A58BA955012}.Release|x86.Build.0 = Release|Win32
		{27453451-611E-4891-84AA-35F6D6E54D49}.Debug|x64.ActiveCfg = Debug|x64
		{27453451-611E-4891-84AA-35F6D6E54D49}.Debug|x64.Build.0 = Debug|x64
		{27453451-611E-4891-84AA-35F6D6E54D49}.Debug|x86.ActiveCfg = Debug|Win32
		{27453451-611E-4891-84AA-35F6D6E54D49}.Debug|x86.Build.0 = Debug|Win32
		{27453451-611E-4891-84AA-35F6D6E54D49}.Release|x64.ActiveCfg = Release|x64
		{27453451-611E-4891-84AA-35F6D6E54D49}.Release|x64.Build.0 = Release|x64
		{27453451-611E-4891-84AA-35F6D6E54D49}.Release|x86.ActiveCfg = Release|Win32
		{27453451-611E-4891-84AA-35F6D6E54D49}.Release|x86.Build.0 = Release|Win32
	EndGlobalSection
	GlobalSection(SolutionProperties) = preSolution
		HideSolutionNode = FALSE
	EndGlobalSection
	GlobalSection(NestedProjects) = preSolution
		{18378DD4-57F6-4BE7-A130-60793CBFD139} = {E6D21133-B9EC-4976-B438-B0E055E77D6E}
		{71856D97-7C6A-476C-A5BD-5C49E3CE0C6A} = {02EA681E-C7D8-13C7-8484-4AC65E1B71E8}
		{0669627E-AA31-4687-AA5F-DE93EE6D4010} = {02EA681E-C7D8-13C7-8484-4AC65E1B71E8}
		{4BD7A145-FB00-40D6-813E-36327580F794} = {02EA681E-C7D8-13C7-8484-4AC65E1B71E8}
		{3C19B9C9-4071-410F-A7A4-40590105EC7F} = {02EA681E-C7D8-13C7-8484-4AC65E1B71E8}
		{439F68B9-DC22-4ED7-8744-5BC06B85C463} = {02EA681E-C7D8-13C7-8484-4AC65E1B71E8}
		{28C5BBFD-9869-4192-B0CF-1B98A5FA4855} = {02EA681E-C7D8-13C7-8484-4AC65E1B71E8}
		{8C138806-1623-4536-95CB-BA1F31B8FBC3} = {02EA681E-C7D8-13C7-8484-4AC65E1B71E8}
		{559DE2BD-93B8-4DE9-B21C-AC88907978E8} = {02EA681E-C7D8-13C7-8484-4AC65E1B71E8}
		{B9B49011-0C68-41E5-95C1-6A58BA955012} = {02EA681E-C7D8-13C7-8484-4AC65E1B71E8}
		{27453451-611E-4891-84AA-35F6D6E54D49} = {02EA681E-C7D8-13C7-8484-4AC65E1B71E8}
	EndGlobalSection
	GlobalSection(ExtensibilityGlobals) = postSolution
		SolutionGuid = {AD2716A1-61C7-44CE-B47C-BF3FD740ACE4}
	EndGlobalSection
EndGlobal
